
Microsoft Visual Studio Solution File, Format Version 12.00
# Visual Studio Version 16
VisualStudioVersion = 16.0.29102.190
MinimumVisualStudioVersion = 10.0.40219.1
Project("{FAE04EC0-301F-11D3-BF4B-00C04F79EFBC}") = "Figures_ASP.Net", "Figures_ASP.Net\Figures_ASP.Net.csproj", "{94EF4A19-8917-4DA4-AB39-3C5541976D56}"
EndProject
Global
	GlobalSection(SolutionConfigurationPlatforms) = preSolution
		Debug|Any CPU = Debug|Any CPU
		Release|Any CPU = Release|Any CPU
	EndGlobalSection
	GlobalSection(ProjectConfigurationPlatforms) = postSolution
		{94EF4A19-8917-4DA4-AB39-3C5541976D56}.Debug|Any CPU.ActiveCfg = Debug|Any CPU
		{94EF4A19-8917-4DA4-AB39-3C5541976D56}.Debug|Any CPU.Build.0 = Debug|Any CPU
		{94EF4A19-8917-4DA4-AB39-3C5541976D56}.Release|Any CPU.ActiveCfg = Release|Any CPU
		{94EF4A19-8917-4DA4-AB39-3C5541976D56}.Release|Any CPU.Build.0 = Release|Any CPU
	EndGlobalSection
	GlobalSection(SolutionProperties) = preSolution
		HideSolutionNode = FALSE
	EndGlobalSection
	GlobalSection(ExtensibilityGlobals) = postSolution
		SolutionGuid = {3197F7FC-5925-469F-A130-AA859C2750F1}
	EndGlobalSection
EndGlobal
